{
    "_meta": {
        "hash": {
            "sha256": "a85fc7db9e437c5f3ecaa84ab773d37e17185f2fd39413bb65595712d9ed89e4"
        },
        "pipfile-spec": 6,
        "requires": {
            "python_version": "3.12"
        },
        "sources": [
            {
                "name": "pypi",
                "url": "https://pypi.org/simple",
                "verify_ssl": true
            }
        ]
    },
    "default": {
        "backports.zstd": {
            "hashes": [
                "sha256:01c699d8c803dc9f9c9d6ede21b75ec99f45c3b411821011692befca538928cb",
                "sha256:0205ef809fb38bb5ca7f59fa03993596f918768b9378fb7fbd8a68889a6ce028",
                "sha256:0290979eea67f7275fa42d5859cc5bea94f2c08cca6bc36396673476773d2bad",
                "sha256:04def169e4a9ae291298124da4e097c6d6545d0e93164f934b716da04d24630a",
                "sha256:08dfdfb85da5915383bfae680b6ac10ab5769ab22e690f9a854320720011ae8e",
                "sha256:09a2785e410ed2e812cb39b684ef5eb55083a5897bfd0e6f5de3bbd2c6345f70",
                "sha256:0a2db17a6d9bf6b4dc223b3f6414aa9db6d1afe9de9bff61d582c2934ca456a0",
                "sha256:10057d66fa4f0a7d3f6419ffb84b4fe61088da572e3ac4446134a1c8089e4166",
                "sha256:102392989442094f3cf1a4bf01fdd4db746d0e755341888998ffbbffdf76a207",
                "sha256:1049e804cc8754290b24dab383d4d6ed0b7f794ad8338813ddcb3907d15a89d0",
                "sha256:1124a169a647671ccb4654a0ef1d0b42d6735c45ce3d0adf609df22fb1f099db",
                "sha256:116f65cce84e215dfac0414924b051faf8d29dc7188cf3944dd1e5be8dd15a32",
                "sha256:127b0d73c745b0684da3d95c31c0939570810dad8967dfe8231eea8f0e047b2f",
                "sha256:142178fe981061f1d2a57c5348f2cd31a3b6397a35593e7a17dbda817b793a7f",
                "sha256:1623e5bff1acd9c8ef90d24fc548110f20df2d14432bfe5de59e76fc036824ef",
                "sha256:199eb9bd8aca6a9d489c41a682fad22c587dffe57b613d0fe6d492d0d38ce7c5",
                "sha256:1c389b667b0b07915781aa28beabf2481f11a6062a1a081873c4c443b98601a7",
                "sha256:1df583adc0ae84a8d13d7139f42eade6d90182b1dd3e0d28f7df3c564b9fd55d",
                "sha256:1f215062302f450ac61ff23991ee6619f07add6c20e1f4659bf9a500b37fc7c2",
                "sha256:21a9a542ccc7958ddb51ae6e46d8ed25d585b54d0d52aaa1c8da431ea158046a",
                "sha256:249f90b39d3741c48620021a968b35f268ca70e35f555abeea9ff95a451f35f9",
                "sha256:2524bd6777a828d5e7ccd7bd1a57f9e7007ae654fc2bd1bc1a207f6428674e4a",
                "sha256:27744870e38f017159b9c0241ea51562f94c7fefcfa4c5190fb3ec4a65a7fc63",
                "sha256:2ab5d3b5a54a674f4f6367bb9e0914063f22cd102323876135e9cc7a8f14f17e",
                "sha256:2c662912cfc1a5ebd1d2162ac651549d58bd3c97a8096130ec13c703fca355f2",
                "sha256:3090a97738d6ce9545d3ca5446df43370928092a962cbc0153e5445a947e98ed",
                "sha256:3180c8eb085396928e9946167e610aa625922b82c3e2263c5f17000556370168",
                "sha256:32974e71eff15897ed3f8b7766a753d9f3197ea4f1c9025d80f8de099a691b99",
                "sha256:330172aaf5fd3bfa53f49318abc6d1d4238cb043c384cf71f7b8f0fe2fb7ce31",
                "sha256:3321d00beaacbd647252a7f581c1e1cdbdbda2407f2addce4bfb10e8e404b7c7",
                "sha256:385bdadf0ea8fe6ba780a95e4c7d7f018db7bafdd630932f0f9f0fad05d608ff",
                "sha256:3895857d06ba58a2bea21019843bc53b0b4df1ce64b55a184c5fb6236b798947",
                "sha256:3ab0d5632b84eff4355c42a04668cfe6466f7d390890f718978582bd1ff36949",
                "sha256:3ddebc1b6f8a37d63cdf18bf98854c62ff2710aeba7057cb5d2bda58c885bbd2",
                "sha256:407e451f64e2f357c9218f5be4e372bb6102d7ae88582d415262a9d0a4f9b625",
                "sha256:41974dcacc9824c1effe1c8d2f9d762bcf47d265ca4581a3c63321c7b06c61f0",
                "sha256:4321a8a367537224b3559fe7aeb8012b98aea2a60a737e59e51d86e2e856fe0a",
                "sha256:43a9fea6299c801da85221e387b32d90a9ad7c62aa2a34edf525359ce5ad8f3a",
                "sha256:440ef1be06e82dc0d69dbb57177f2ce98bbd2151013ee7e551e2f2b54caa6120",
                "sha256:472f590cf3270d79dae699c9641db9400e794a7ebe8574da7edc3ca3abf342cc",
                "sha256:477895f2642f9397aeba69618df2c91d7f336e02df83d1e623ac37c5d3a5115e",
                "sha256:481b586291ef02a250f03d4c31a37c9881e5e93556568abbd20ca1ad720d443f",
                "sha256:497f5765126f11a5b3fd8fedfdae0166d1dd867e7179b8148370a3313d047197",
                "sha256:4abf29d706ba05f658ca0247eb55675bcc00e10f12bca15736e45b05f1f2d2dc",
                "sha256:5434e86f2836d453ae3e19a2711449683b7e21e107686838d12a255ad256ca99",
                "sha256:58a071f3c198c781b2df801070290b7174e3ff61875454e9df93ab7ea9ea832b",
                "sha256:59b52ad18326c0f9473906de3caf47ade68a063dcbe1663b0351638421fd5458",
                "sha256:5b9a8c75a294e7ffa18fc8425a763facc366435a8b442e4dffdc19fa9499a22c",
                "sha256:5d5543945aae2a76a850b23f283249424f535de6a622d6002957b7d971e6a36d",
                "sha256:5e137657c830a5ce99be40a1d713eb1d246bae488ada28ff0666ac4387aebdd5",
                "sha256:5eed0a09a163f3a8125a857cb031be87ed052e4a47bc75085ed7fca786e9bb5b",
                "sha256:5f13033a3dd95f323c067199f2e61b4589a7880188ef4ef356c7ffbdb78a9f11",
                "sha256:60aa483fef5843749e993dde01229e5eedebca8c283023d27d6bf6800d1d4ce3",
                "sha256:622c28306dcc429c8f2057fc4421d5722b1f22968d299025b35d71b50cfd4e03",
                "sha256:668e6fb1805b825cb7504c71436f7b28d4d792bb2663ee901ec9a2bb15804437",
                "sha256:676eb5e177d4ef528cf3baaeea4fffe05f664e4dd985d3ac06960ef4619c81a9",
                "sha256:6b97cea95dbb1a97c02afd718155fad93f747815069722107a429804c355e206",
                "sha256:6f3115d203f387f77c23b5461fb6678d282d4f276f9f39298ad242b00120afc7",
                "sha256:7558fb0e8c8197c59a5f80c56bf8f56c3690c45fd62f14e9e2081661556e3e64",
                "sha256:78693e344544bceddc6f475873e2353b5990d74a836b4f1b8a182e1c55c8ae05",
                "sha256:79efb1ddb7d22e3eabdee8ab9fb0020fce951dafcac787fdb7ec2d2cbc4f170a",
                "sha256:7d3f0f2499d2049ec53d2674c605a4b3052c217cc7ee49c05258046411685adc",
                "sha256:82332651e737b16025397af59405a355e354254483fa93c585613d314c7ac199",
                "sha256:8410fda08b36202d01ab4503f6787c763898888cb1a48c19fce94711563d3ee3",
                "sha256:845defdb172385f17123d92a00d2e952d341e9ae310bfa2410c292bf03846034",
                "sha256:884a94c40f27affe986f394f219a4fd3cbbd08e1cff2e028d29d467574cd266e",
                "sha256:88961d8c5760a4febeba78d2cdff2e380a05d18cbc2089d985684fc3d6b3b836",
                "sha256:88f94d238ef36c639c0ae17cf41054ce103da9c4d399c6a778ce82690d9f4919",
                "sha256:89ea8281821123b071a06b30b80da8e4d8a2b40a4f57315a19850337a21297ac",
                "sha256:8aeee9210c54cf8bf83f4d263a6d0d6e7a0298aeb5a14a0a95e90487c5c3157c",
                "sha256:8e7ac5ef693d49d6fb35cd7bbb98c4762cfea94a8bd2bf2ab112027004f70b11",
                "sha256:94048c8089755e482e4b34608029cf1142523a625873c272be2b1c9253871a72",
                "sha256:968167d29f012cee7b112ad031a8925e484e97e99288e55e4d62962c3a1013e3",
                "sha256:975ba1c52200f8d01adf66ea4c353da8e0f967687406ac1bf1d9051a088242fe",
                "sha256:97d8c78fe20c7442c810adccfd5e3ea6a4e6f4f1fa4c73da2bc083260ebead17",
                "sha256:993e3a34eaba5928a2065545e34bf75c65b9c34ecb67e43d5ef49b16cc182077",
                "sha256:9c4c7bcda5619a754726e7f5b391827f5efbe4bed8e62e9ec7490d42bff18aa6",
                "sha256:a6ff6769948bb29bba07e1c2e8582d5a9765192a366108e42d6581a458475881",
                "sha256:a7f16b98ba81780a9517ce6c493e1aea9b7d72de2b1efa08375136c270e1ecba",
                "sha256:ab139d1fc0e91a697e82fa834e6404098802f11b6035607174776173ded9a2cc",
                "sha256:ade1f4127fdbe36a02f8067d75aa79c1ea1c8a306bf63c7b818bb7b530e1beaa",
                "sha256:b099750755bb74c280827c7d68de621da0f245189082ab48ff91bda0ec2db9df",
                "sha256:b0e71e83e46154a9d3ced6d4de9a2fea8207ee1e4832aeecf364dc125eda305c",
                "sha256:b4116a9e12dfcd834dd9132cf6a94657bf0d328cba5b295f26de26ea0ae1adc8",
                "sha256:b808bf889722d889b792f7894e19c1f904bb0e9092d8c0eb0787b939b08bad9a",
                "sha256:ba7114a3099e5ea05cbb46568bd0e08bca2ca11e12c6a7b563a24b86b2b4a67f",
                "sha256:c3d777a0cacca20fa8ea3a24178e7cae872fcec26cc84ebe3250b374f9127a21",
                "sha256:c66ad9eb5bfbe28c2387b7fc58ddcdecfb336d6e4e60bcba1694a906c1f21a6c",
                "sha256:c9d75cca9bed9da91c6e8bfdd4807fc1af08c8b25716cfdc5d50c119071641cf",
                "sha256:cab7dc828e19d8871935f3061e0550713aacb230fc3a3919bed0440a1295c255",
                "sha256:cbc6193acd21f96760c94dd71bf32b161223e8503f5277acb0a5ab54e5598957",
                "sha256:cbe341c7fcc723893663a37175ba859328b907a4e6d2d40a4c26629cc55efb67",
                "sha256:d339c1ec40485e97e600eb9a285fb13169dbf44c5094b945788a62f38b96e533",
                "sha256:d833fc23aa3cc2e05aeffc7cfadd87b796654ad3a7fb214555cda3f1db2d4dc2",
                "sha256:d8aac2e7cdcc8f310c16f98a0062b48d0a081dbb82862794f4f4f5bdafde30a4",
                "sha256:d8f6fc7d62b71083b574193dd8fb3a60e6bb34880cc0132aad242943af301f7a",
                "sha256:db609e57b8ed88b3472930c87e93c08a4bbd5ffeb94608cd9c7c6f0ac0e166c6",
                "sha256:ddc874638abf03ea1ff3b0525b4a26a8d0adf7cb46a448c3449f08e4abc276b3",
                "sha256:df8473cb117e1316e6c6101f2724e025bd8f50af2dc009d0001c0aabfb5eb57c",
                "sha256:e0f2eca6aac280fdb77991ad3362487ee91a7fb064ad40043fb5a0bf5a376943",
                "sha256:e38be15ebce82737deda2c9410c1f942f1df9da74121049243a009810432db75",
                "sha256:e3e3f58c76f4730607a4e0130d629173aa114ae72a5c8d3d5ad94e1bf51f18d8",
                "sha256:e86e03e3661900955f01afed6c59cae9baa63574e3b66896d99b7de97eaffce9",
                "sha256:e8b2d68e2812f5c9970cabc5e21da8b409b5ed04e79b4585dbffa33e9b45ebe2",
                "sha256:ea0886c1b619773544546e243ed73f6d6c2b1ae3c00c904ccc9903a352d731e1",
                "sha256:eb2f8fab0b1ea05148394cb34a9e543a43477178765f2d6e7c84ed332e34935e",
                "sha256:eefda80c3dbfbd924f1c317e7b0543d39304ee645583cb58bae29e19f42948ed",
                "sha256:ef2a0bfb7aa590134ef43479cda439de054d5503b1be4756aca0afa9181cc3a5",
                "sha256:f4a292e357f3046d18766ce06d990ccbab97411708d3acb934e63529c2ea7786",
                "sha256:f52523d2bdada29e653261abdc9cfcecd9e5500d305708b7e37caddb24909d4e",
                "sha256:f5fca92a20e6ef22702914237c4f99f50d5450941529100ef3f5351f5e1e9eb6",
                "sha256:f6843ecb181480e423b02f60fe29e393cbc31a95fb532acdf0d3a2c87bd50ce3",
                "sha256:f6d7aa2caa38b9e0d68004f0618290a4e4b0eb26afc482bd5e5c5fba6e40fd94",
                "sha256:f7be27d56f2f715bcd252d0c65c232146d8e1e039c7e2835b8a3ad3dc88bc508",
                "sha256:fb4c386f38323698991b38edcc9c091d46d4713f5df02a3b5c80a28b40e289ea"
            ],
            "markers": "python_version < '3.14' and python_version >= '3.9'",
            "version": "==1.3.0"
        },
        "blinker": {
            "hashes": [
                "sha256:b4ce2265a7abece45e7cc896e98dbebe6cead56bcf805a3d23136d145f5445bf",
                "sha256:ba0efaa9080b619ff2f3459d1d500c57bddea4a6b424b60a91141db6fd2f08bc"
            ],
            "index": "pypi",
            "markers": "python_version >= '3.9'",
            "version": "==1.9.0"
        },
        "brotli": {
            "hashes": [
                "sha256:022426c9e99fd65d9475dce5c195526f04bb8be8907607e27e747893f6ee3e24",
                "sha256:072e7624b1fc4d601036ab3f4f27942ef772887e876beff0301d261210bca97f",
                "sha256:09ac247501d1909e9ee47d309be760c89c990defbb2e0240845c892ea5ff0de4",
                "sha256:0bbd5b5ccd157ae7913750476d48099aaf507a79841c0d04a9db4415b14842de",
                "sha256:0cf8c3b8ba93d496b2fae778039e2f5ecc7cff99df84df337ca31d8f2252896c",
                "sha256:14ef29fc5f310d34fc7696426071067462c9292ed98b5ff5a27ac70a200e5470",
                "sha256:15b33fe93cedc4caaff8a0bd1eb7e3dab1c61bb22a0bf5bdfdfd97cd7da79744",
                "sha256:1b1d6a4efedd53671c793be6dd760fcf2107da3a52331ad9ea429edf0902f27a",
                "sha256:1b557b29782a643420e08d75aea889462a4a8796e9a6cf5621ab05a3f7da8ef2",
                "sha256:1b71754d5b6eda54d16fbbed7fce2d8bc6c052a1b91a35c320247946ee103502",
                "sha256:1ce223652fd4ed3eb2b7f78fbea31c52314baecfac68db44037bb4167062a937",
                "sha256:1e68cdf321ad05797ee41d1d09169e09d40fdf51a725bb148bff892ce04583d7",
                "sha256:260d3692396e1895c5034f204f0db022c056f9e2ac841593a4cf9426e2a3faca",
                "sha256:26e8d3ecb0ee458a9804f47f21b74845cc823fd1bb19f02272be70774f56e2a6",
                "sha256:2881416badd2a88a7a14d981c103a52a23a276a553a8aacc1346c2ff47c8dc17",
                "sha256:29b7e6716ee4ea0c59e3b241f682204105f7da084d6254ec61886508efeb43bc",
                "sha256:2a7f1d03727130fc875448b65b127a9ec5d06d19d0148e7554384229706f9d1b",
                "sha256:2d39b54b968f4b49b5e845758e202b1035f948b0561ff5e6385e855c96625971",
                "sha256:2e1ad3fda65ae0d93fec742a128d72e145c9c7a99ee2fcd667785d99eb25a7fe",
                "sha256:3173e1e57cebb6d1de186e46b5680afbd82fd4301d7b2465beebe83ed317066d",
                "sha256:3219bd9e69868e57183316ee19c84e03e8f8b5a1d1f2667e1aa8c2f91cb061ac",
                "sha256:350c8348f0e76fff0a0fd6c26755d2653863279d086d3aa2c290a6a7251135dd",
                "sha256:35d382625778834a7f3061b15423919aa03e4f5da34ac8e02c074e4b75ab4f84",
                "sha256:3b90b767916ac44e93a8e28ce6adf8d551e43affb512f2377c732d486ac6514e",
                "sha256:3e1b35d56856f3ed326b140d3c6d9db91740f22e14b06e840fe4bb1923439a18",
                "sha256:3ebe801e0f4e56d17cd386ca6600573e3706ce1845376307f5d2cbd32149b69a",
                "sha256:3f3c908bcc404c90c77d5a073e55271a0a498f4e0756e48127c35d91cf155947",
                "sha256:40d918bce2b427a0c4ba189df7a006ac0c7277c180aee4617d99e9ccaaf59e6a",
                "sha256:465a0d012b3d3e4f1d6146ea019b5c11e3e87f03d1676da1cc3833462e672fb0",
                "sha256:4735a10f738cb5516905a121f32b24ce196ab82cfc1e4ba2e3ad1b371085fd46",
                "sha256:4ecdb3b6dc36e6d6e14d3a1bdc6c1057c8cbf80db04031d566eb6080ce283a48",
                "sha256:50b1b799f45da91292ffaa21a473ab3a3054fa78560e8ff67082a185274431c8",
                "sha256:54a50a9dad16b32136b2241ddea9e4df159b41247b2ce6aac0b3276a66a8f1e5",
                "sha256:5732eff8973dd995549a18ecbd8acd692ac611c5c0bb3f59fa3541ae27b33be3",
                "sha256:598e88c736f63a0efec8363f9eb34e5b5536b7b6b1821e401afcb501d881f59a",
                "sha256:640fe199048f24c474ec6f3eae67c48d286de12911110437a36a87d7c89573a6",
                "sha256:66c02c187ad250513c2f4fce973ef402d22f80e0adce734ee4e4efd657b6cb64",
                "sha256:67a91c5187e1eec76a61625c77a6c8c785650f5b576ca732bd33ef58b0dff49c",
                "sha256:6be67c19e0b0c56365c6a76e393b932fb0e78b3b56b711d180dd7013cb1fd984",
                "sha256:6c12dad5cd04530323e723787ff762bac749a7b256a5bece32b2243dd5c27b21",
                "sha256:71a66c1c9be66595d628467401d5976158c97888c2c9379c034e1e2312c5b4f5",
                "sha256:7274942e69b17f9cef76691bcf38f2b2d4c8a5f5dba6ec10958363dcb3308a0a",
                "sha256:7547369c4392b47d30a3467fe8c3330b4f2e0f7730e45e3103d7d636678a808b",
                "sha256:7a47ce5c2288702e09dc22a44d0ee6152f2c7eda97b3c8482d826a1f3cfc7da7",
                "sha256:7a61c06b334bd99bc5ae84f1eeb36bfe01400264b3c352f968c6e30a10f9d08b",
                "sha256:7ad8cec81f34edf44a1c6a7edf28e7b7806dfb8886e371d95dcf789ccd4e4982",
                "sha256:7e9053f5fb4e0dfab89243079b3e217f2aea4085e4d58c5c06115fc34823707f",
                "sha256:7fa18d65a213abcfbb2f6cafbb4c58863a8bd6f2103d65203c520ac117d1944b",
                "sha256:81da1b229b1889f25adadc929aeb9dbc4e922bd18561b65b08dd9343cfccca84",
                "sha256:82676c2781ecf0ab23833796062786db04648b7aae8be139f6b8065e5e7b1518",
                "sha256:832c115a020e463c2f67664560449a7bea26b0c1fdd690352addad6d0a08714d",
                "sha256:844a8ceb8483fefafc412f85c14f2aae2fb69567bf2a0de53cdb88b73e7c43ae",
                "sha256:865cedc7c7c303df5fad14a57bc5db1d4f4f9b2b4d0a7523ddd206f00c121a16",
                "sha256:88ef7d55b7bcf3331572634c3fd0ed327d237ceb9be6066810d39020a3ebac7a",
                "sha256:898be2be399c221d2671d29eed26b6b2713a02c2119168ed914e7d00ceadb56f",
                "sha256:8d4f47f284bdd28629481c97b5f29ad67544fa258d9091a6ed1fda47c7347cd1",
                "sha256:92edab1e2fd6cd5ca605f57d4545b6599ced5dea0fd90b2bcdf8b247a12bd190",
                "sha256:9322b9f8656782414b37e6af884146869d46ab85158201d82bab9abbcb971dc7",
                "sha256:95db242754c21a88a79e01504912e537808504465974ebb92931cfca2510469e",
                "sha256:963a08f3bebd8b75ac57661045402da15991468a621f014be54e50f53a58d19e",
                "sha256:96fbe82a58cdb2f872fa5d87dedc8477a12993626c446de794ea025bbda625ea",
                "sha256:99cfa69813d79492f0e5d52a20fd18395bc82e671d5d40bd5a91d13e75e468e8",
                "sha256:9c79f57faa25d97900bfb119480806d783fba83cd09ee0b33c17623935b05fa3",
                "sha256:9e5825ba2c9998375530504578fd4d5d1059d09621a02065d1b6bfc41a8e05ab",
                "sha256:9fe11467c42c133f38d42289d0861b6b4f9da31e8087ca2c0d7ebb4543625526",
                "sha256:a1778532b978d2536e79c05dac2d8cd857f6c55cd0c95ace5b03740824e0e2f1",
                "sha256:a387225a67f619bf16bd504c37655930f910eb03675730fc2ad69d3d8b5e7e92",
                "sha256:a56ef534b66a749759ebd091c19c03ef81eb8cd96f0d1d16b59127eaf1b97a12",
                "sha256:aa47441fa3026543513139cb8926a92a8e305ee9c71a6209ef7a97d91640ea03",
                "sha256:ac27a70bda257ae3f380ec8310b0a06680236bea547756c277b5dfe55a2452a8",
                "sha256:acec55bb7c90f1dfc476126f9711a8e81c9af7fb617409a9ee2953115343f08d",
                "sha256:adedc4a67e15327dfdd04884873c6d5a01d3e3b6f61406f99b1ed4865a2f6d28",
                "sha256:af43b8711a8264bb4e7d6d9a6d004c3a2019c04c01127a868709ec29962b6036",
                "sha256:b232029d100d393ae3c603c8ffd7e3fe6f798c5e28ddca5feabb8e8fdb732997",
                "sha256:b35c13ce241abdd44cb8ca70683f20c0c079728a36a996297adb5334adfc1c44",
                "sha256:b63daa43d82f0cdabf98dee215b375b4058cce72871fd07934f179885aad16e8",
                "sha256:b908d1a7b28bc72dfb743be0d4d3f8931f8309f810af66c906ae6cd4127c93cb",
                "sha256:ba76177fd318ab7b3b9bf6522be5e84c2ae798754b6cc028665490f6e66b5533",
                "sha256:bba6e7e6cfe1e6cb6eb0b7c2736a6059461de1fa2c0ad26cf845de6c078d16c8",
                "sha256:c0d6770111d1879881432f81c369de5cde6e9467be7c682a983747ec800544e2",
                "sha256:c16ab1ef7bb55651f5836e8e62db1f711d55b82ea08c3b8083ff037157171a69",
                "sha256:c1702888c9f3383cc2f09eb3e88b8babf5965a54afb79649458ec7c3c7a63e96",
                "sha256:c25332657dee6052ca470626f18349fc1fe8855a56218e19bd7a8c6ad4952c49",
                "sha256:c8565e3cdc1808b1a34714b553b262c5de5fbda202285782173ec137fd13709f",
                "sha256:cf9cba6f5b78a2071ec6fb1e7bd39acf35071d90a81231d67e92d637776a6a63",
                "sha256:d206a36b4140fbb5373bf1eb73fb9de589bb06afd0d22376de23c5e91d0ab35f",
                "sha256:d2d085ded05278d1c7f65560aae97b3160aeb2ea2c0b3e26204856beccb60888",
                "sha256:d8c05b1dfb61af28ef37624385b0029df902ca896a639881f594060b30ffc9a7",
                "sha256:e310f77e41941c13340a95976fe66a8a95b01e783d430eeaf7a2f87e0a57dd0a",
                "sha256:e7c0af964e0b4e3412a0ebf341ea26ec767fa0b4cf81abb5e897c9338b5ad6a3",
                "sha256:e80a28f2b150774844c8b454dd288be90d76ba6109670fe33d7ff54d96eb5cb8",
                "sha256:e813da3d2d865e9793ef681d3a6b66fa4b7c19244a45b817d0cceda67e615990",
                "sha256:e85190da223337a6b7431d92c799fca3e2982abd44e7b8dec69938dcc81c8e9e",
                "sha256:e99befa0b48f3cd293dafeacdd0d191804d105d279e0b387a32054c1180f3161",
                "sha256:eda5a6d042c698e28bda2507a89b16555b9aa954ef1d750e1c20473481aff675",
                "sha256:ef87b8ab2704da227e83a246356a2b179ef826f550f794b2c52cddb4efbd0196",
                "sha256:f16dace5e4d3596eaeb8af334b4d2c820d34b8278da633ce4a00020b2eac981c",
                "sha256:f8d635cafbbb0c61327f942df2e3f474dde1cff16c3cd0580564774eaba1ee13",
                "sha256:fc1530af5c3c275b8524f2e24841cbe2599d74462455e9bae5109e9ff42e9361",
                "sha256:ff09cd8c5eec3b9d02d2408db41be150d8891c5566addce57513bf546e3d6c6d"
            ],
            "index": "pypi",
            "version": "==1.2.0"
        },
        "certifi": {
            "hashes": [
                "sha256:9943707519e4add1115f44c2bc244f782c0249876bf51b6599fee1ffbedd685c",
                "sha256:ac726dd470482006e014ad384921ed6438c457018f4b3d204aea4281258b2120"
            ],
            "index": "pypi",
            "markers": "python_version >= '3.7'",
            "version": "==2026.1.4"
        },
        "click": {
            "hashes": [
                "sha256:12ff4785d337a1bb490bb7e9c2b1ee5da3112e94a8622f26a6c77f5d2fc6842a",
                "sha256:981153a64e25f12d547d3426c367a4857371575ee7ad18df2a6183ab0545b2a6"
            ],
            "index": "pypi",
            "markers": "python_version >= '3.10'",
            "version": "==8.3.1"
        },
        "distlib": {
            "hashes": [
                "sha256:9659f7d87e46584a30b5780e43ac7a2143098441670ff0a49d5f9034c54a6c16",
                "sha256:feec40075be03a04501a973d81f633735b4b69f98b05450592310c0f401a4e0d"
            ],
            "index": "pypi",
            "version": "==0.4.0"
        },
        "filelock": {
            "hashes": [
                "sha256:18c57ee915c7ec61cff0ecf7f0f869936c7c30191bb0cf406f1341778d0834e1",
                "sha256:4b0dda527ee31078689fc205ec4f1c1bf7d56cf88b6dc9426c4f230e46c2dce1"
            ],
            "index": "pypi",
            "markers": "python_version >= '3.10'",
            "version": "==3.20.3"
        },
        "flask": {
            "hashes": [
                "sha256:bf656c15c80190ed628ad08cdfd3aaa35beb087855e2f494910aa3774cc4fd87",
                "sha256:ca1d8112ec8a6158cc29ea4858963350011b5c846a414cdb7a954aa9e967d03c"
            ],
            "index": "pypi",
            "markers": "python_version >= '3.9'",
            "version": "==3.1.2"
        },
        "flask-compress": {
            "hashes": [
                "sha256:52108afb4d133a5aab9809e6ac3c085ed7b9c788c75c6846c129faa28468f08c",
                "sha256:5580935b422e3f136b9a90909e4b1015ac2b29c9aebe0f8733b790fde461c545"
            ],
            "index": "pypi",
            "markers": "python_version >= '3.9'",
            "version": "==1.23"
        },
        "itsdangerous": {
            "hashes": [
                "sha256:c6242fc49e35958c8b15141343aa660db5fc54d4f13a1db01a3f5891b98700ef",
                "sha256:e0050c0b7da1eea53ffaf149c0cfbb5c6e2e2b69c4bef22c81fa6eb73e5f6173"
            ],
            "index": "pypi",
            "markers": "python_version >= '3.8'",
            "version": "==2.2.0"
        },
        "jinja2": {
            "hashes": [
                "sha256:0137fb05990d35f1275a587e9aee6d56da821fc83491a0fb838183be43f66d6d",
                "sha256:85ece4451f492d0c13c5dd7c13a64681a86afae63a5f347908daf103ce6d2f67"
            ],
            "index": "pypi",
            "markers": "python_version >= '3.7'",
            "version": "==3.1.6"
        },
        "markupsafe": {
            "hashes": [
                "sha256:0303439a41979d9e74d18ff5e2dd8c43ed6c6001fd40e5bf2e43f7bd9bbc523f",
                "sha256:068f375c472b3e7acbe2d5318dea141359e6900156b5b2ba06a30b169086b91a",
                "sha256:0bf2a864d67e76e5c9a34dc26ec616a66b9888e25e7b9460e1c76d3293bd9dbf",
                "sha256:0db14f5dafddbb6d9208827849fad01f1a2609380add406671a26386cdf15a19",
                "sha256:0eb9ff8191e8498cca014656ae6b8d61f39da5f95b488805da4bb029cccbfbaf",
                "sha256:0f4b68347f8c5eab4a13419215bdfd7f8c9b19f2b25520968adfad23eb0ce60c",
                "sha256:1085e7fbddd3be5f89cc898938f42c0b3c711fdcb37d75221de2666af647c175",
                "sha256:116bb52f642a37c115f517494ea5feb03889e04df47eeff5b130b1808ce7c219",
                "sha256:12c63dfb4a98206f045aa9563db46507995f7ef6d83b2f68eda65c307c6829eb",
                "sha256:133a43e73a802c5562be9bbcd03d090aa5a1fe899db609c29e8c8d815c5f6de6",
                "sha256:1353ef0c1b138e1907ae78e2f6c63ff67501122006b0f9abad68fda5f4ffc6ab",
                "sha256:15d939a21d546304880945ca1ecb8a039db6b4dc49b2c5a400387cdae6a62e26",
                "sha256:177b5253b2834fe3678cb4a5f0059808258584c559193998be2601324fdeafb1",
                "sha256:1872df69a4de6aead3491198eaf13810b565bdbeec3ae2dc8780f14458ec73ce",
                "sha256:1b4b79e8ebf6b55351f0d91fe80f893b4743f104bff22e90697db1590e47a218",
                "sha256:1b52b4fb9df4eb9ae465f8d0c228a00624de2334f216f178a995ccdcf82c4634",
                "sha256:1ba88449deb3de88bd40044603fafffb7bc2b055d626a330323a9ed736661695",
                "sha256:1cc7ea17a6824959616c525620e387f6dd30fec8cb44f649e31712db02123dad",
                "sha256:218551f6df4868a8d527e3062d0fb968682fe92054e89978594c28e642c43a73",
                "sha256:26a5784ded40c9e318cfc2bdb30fe164bdb8665ded9cd64d500a34fb42067b1c",
                "sha256:2713baf880df847f2bece4230d4d094280f4e67b1e813eec43b4c0e144a34ffe",
                "sha256:2a15a08b17dd94c53a1da0438822d70ebcd13f8c3a95abe3a9ef9f11a94830aa",
                "sha256:2f981d352f04553a7171b8e44369f2af4055f888dfb147d55e42d29e29e74559",
                "sha256:32001d6a8fc98c8cb5c947787c5d08b0a50663d139f1305bac5885d98d9b40fa",
                "sha256:3524b778fe5cfb3452a09d31e7b5adefeea8c5be1d43c4f810ba09f2ceb29d37",
                "sha256:3537e01efc9d4dccdf77221fb1cb3b8e1a38d5428920e0657ce299b20324d758",
                "sha256:35add3b638a5d900e807944a078b51922212fb3dedb01633a8defc4b01a3c85f",
                "sha256:38664109c14ffc9e7437e86b4dceb442b0096dfe3541d7864d9cbe1da4cf36c8",
                "sha256:3a7e8ae81ae39e62a41ec302f972ba6ae23a5c5396c8e60113e9066ef893da0d",
                "sha256:3b562dd9e9ea93f13d53989d23a7e775fdfd1066c33494ff43f5418bc8c58a5c",
                "sha256:457a69a9577064c05a97c41f4e65148652db078a3a509039e64d3467b9e7ef97",
                "sha256:4bd4cd07944443f5a265608cc6aab442e4f74dff8088b0dfc8238647b8f6ae9a",
                "sha256:4e885a3d1efa2eadc93c894a21770e4bc67899e3543680313b09f139e149ab19",
                "sha256:4faffd047e07c38848ce017e8725090413cd80cbc23d86e55c587bf979e579c9",
                "sha256:509fa21c6deb7a7a273d629cf5ec029bc209d1a51178615ddf718f5918992ab9",
                "sha256:5678211cb9333a6468fb8d8be0305520aa073f50d17f089b5b4b477ea6e67fdc",
                "sha256:591ae9f2a647529ca990bc681daebdd52c8791ff06c2bfa05b65163e28102ef2",
                "sha256:5a7d5dc5140555cf21a6fefbdbf8723f06fcd2f63ef108f2854de715e4422cb4",
                "sha256:69c0b73548bc525c8cb9a251cddf1931d1db4d2258e9599c28c07ef3580ef354",
                "sha256:6b5420a1d9450023228968e7e6a9ce57f65d148ab56d2313fcd589eee96a7a50",
                "sha256:722695808f4b6457b320fdc131280796bdceb04ab50fe1795cd540799ebe1698",
                "sha256:729586769a26dbceff69f7a7dbbf59ab6572b99d94576a5592625d5b411576b9",
                "sha256:77f0643abe7495da77fb436f50f8dab76dbc6e5fd25d39589a0f1fe6548bfa2b",
                "sha256:795e7751525cae078558e679d646ae45574b47ed6e7771863fcc079a6171a0fc",
                "sha256:7be7b61bb172e1ed687f1754f8e7484f1c8019780f6f6b0786e76bb01c2ae115",
                "sha256:7c3fb7d25180895632e5d3148dbdc29ea38ccb7fd210aa27acbd1201a1902c6e",
                "sha256:7e68f88e5b8799aa49c85cd116c932a1ac15caaa3f5db09087854d218359e485",
                "sha256:83891d0e9fb81a825d9a6d61e3f07550ca70a076484292a70fde82c4b807286f",
                "sha256:8485f406a96febb5140bfeca44a73e3ce5116b2501ac54fe953e488fb1d03b12",
                "sha256:8709b08f4a89aa7586de0aadc8da56180242ee0ada3999749b183aa23df95025",
                "sha256:8f71bc33915be5186016f675cd83a1e08523649b0e33efdb898db577ef5bb009",
                "sha256:915c04ba3851909ce68ccc2b8e2cd691618c4dc4c4232fb7982bca3f41fd8c3d",
                "sha256:949b8d66bc381ee8b007cd945914c721d9aba8e27f71959d750a46f7c282b20b",
                "sha256:94c6f0bb423f739146aec64595853541634bde58b2135f27f61c1ffd1cd4d16a",
                "sha256:9a1abfdc021a164803f4d485104931fb8f8c1efd55bc6b748d2f5774e78b62c5",
                "sha256:9b79b7a16f7fedff2495d684f2b59b0457c3b493778c9eed31111be64d58279f",
                "sha256:a320721ab5a1aba0a233739394eb907f8c8da5c98c9181d1161e77a0c8e36f2d",
                "sha256:a4afe79fb3de0b7097d81da19090f4df4f8d3a2b3adaa8764138aac2e44f3af1",
                "sha256:ad2cf8aa28b8c020ab2fc8287b0f823d0a7d8630784c31e9ee5edea20f406287",
                "sha256:b8512a91625c9b3da6f127803b166b629725e68af71f8184ae7e7d54686a56d6",
                "sha256:bc51efed119bc9cfdf792cdeaa4d67e8f6fcccab66ed4bfdd6bde3e59bfcbb2f",
                "sha256:bdc919ead48f234740ad807933cdf545180bfbe9342c2bb451556db2ed958581",
                "sha256:bdd37121970bfd8be76c5fb069c7751683bdf373db1ed6c010162b2a130248ed",
                "sha256:be8813b57049a7dc738189df53d69395eba14fb99345e0a5994914a3864c8a4b",
                "sha256:c0c0b3ade1c0b13b936d7970b1d37a57acde9199dc2aecc4c336773e1d86049c",
                "sha256:c47a551199eb8eb2121d4f0f15ae0f923d31350ab9280078d1e5f12b249e0026",
                "sha256:c4ffb7ebf07cfe8931028e3e4c85f0357459a3f9f9490886198848f4fa002ec8",
                "sha256:ccfcd093f13f0f0b7fdd0f198b90053bf7b2f02a3927a30e63f3ccc9df56b676",
                "sha256:d2ee202e79d8ed691ceebae8e0486bd9a2cd4794cec4824e1c99b6f5009502f6",
                "sha256:d53197da72cc091b024dd97249dfc7794d6a56530370992a5e1a08983ad9230e",
                "sha256:d6dd0be5b5b189d31db7cda48b91d7e0a9795f31430b7f271219ab30f1d3ac9d",
                "sha256:d88b440e37a16e651bda4c7c2b930eb586fd15ca7406cb39e211fcff3bf3017d",
                "sha256:de8a88e63464af587c950061a5e6a67d3632e36df62b986892331d4620a35c01",
                "sha256:df2449253ef108a379b8b5d6b43f4b1a8e81a061d6537becd5582fba5f9196d7",
                "sha256:e1c1493fb6e50ab01d20a22826e57520f1284df32f2d8601fdd90b6304601419",
                "sha256:e1cf1972137e83c5d4c136c43ced9ac51d0e124706ee1c8aa8532c1287fa8795",
                "sha256:e2103a929dfa2fcaf9bb4e7c091983a49c9ac3b19c9061b6d5427dd7d14d81a1",
                "sha256:e56b7d45a839a697b5eb268c82a71bd8c7f6c94d6fd50c3d577fa39a9f1409f5",
                "sha256:e8afc3f2ccfa24215f8cb28dcf43f0113ac3c37c2f0f0806d8c70e4228c5cf4d",
                "sha256:e8fc20152abba6b83724d7ff268c249fa196d8259ff481f3b1476383f8f24e42",
                "sha256:eaa9599de571d72e2daf60164784109f19978b327a3910d3e9de8c97b5b70cfe",
                "sha256:ec15a59cf5af7be74194f7ab02d0f59a62bdcf1a537677ce67a2537c9b87fcda",
                "sha256:f190daf01f13c72eac4efd5c430a8de82489d9cff23c364c3ea822545032993e",
                "sha256:f34c41761022dd093b4b6896d4810782ffbabe30f2d443ff5f083e0cbbb8c737",
                "sha256:f3e98bb3798ead92273dc0e5fd0f31ade220f59a266ffd8a4f6065e0a3ce0523",
                "sha256:f42d0984e947b8adf7dd6dde396e720934d12c506ce84eea8476409563607591",
                "sha256:f71a396b3bf33ecaa1626c255855702aca4d3d9fea5e051b41ac59a9c1c41edc",
                "sha256:f9e130248f4462aaa8e2552d547f36ddadbeaa573879158d721bbd33dfe4743a",
                "sha256:fed51ac40f757d41b7c48425901843666a6677e3e8eb0abcff09e4ba6e664f50"
            ],
            "index": "pypi",
            "markers": "python_version >= '3.9'",
            "version": "==3.0.3"
        },
        "packaging": {
            "hashes": [
                "sha256:00243ae351a257117b6a241061796684b084ed1c516a08c48a3f7e147a9d80b4",
                "sha256:b36f1fef9334a5588b4166f8bcd26a14e521f2b55e6b9de3aaa80d3ff7a37529"
            ],
            "index": "pypi",
            "markers": "python_version >= '3.8'",
            "version": "==26.0"
        },
        "pipenv": {
            "hashes": [
                "sha256:0367b588f2851e396eea5105cb57d0a4c058c8f965ce473c401e8a3d6b4430cd",
                "sha256:9a39d13a41ed8e4368ad50620941191f357319c8ffb7df45875c7c5dc6604ff6"
            ],
            "index": "pypi",
            "markers": "python_version >= '3.10'",
            "version": "==2026.0.3"
        },
        "platformdirs": {
            "hashes": [
                "sha256:61d5cdcc6065745cdd94f0f878977f8de9437be93de97c1c12f853c9c0cdcbda",
                "sha256:d03afa3963c806a9bed9d5125c8f4cb2fdaf74a55ab60e5d59b3fde758104d31"
            ],
            "index": "pypi",
            "markers": "python_version >= '3.10'",
            "version": "==4.5.1"
        },
        "setuptools": {
            "hashes": [
                "sha256:22e0a2d69474c6ae4feb01951cb69d515ed23728cf96d05513d36e42b62b37cb",
                "sha256:70b18734b607bd1da571d097d236cfcfacaf01de45717d59e6e04b96877532e0"
            ],
            "markers": "python_version >= '3.9'",
            "version": "==82.0.0"
        },
        "virtualenv": {
            "hashes": [
                "sha256:575a8d6b124ef88f6f51d56d656132389f961062a9177016a50e4f507bbcc19f",
                "sha256:8befb5c81842c641f8ee658481e42641c68b5eab3521d8e092d18320902466ba"
            ],
            "index": "pypi",
            "markers": "python_version >= '3.8'",
            "version": "==20.36.1"
        },
        "werkzeug": {
            "hashes": [
                "sha256:5111e36e91086ece91f93268bb39b4a35c1e6f1feac762c9c822ded0a4e322dc",
                "sha256:6a548b0e88955dd07ccb25539d7d0cc97417ee9e179677d22c7041c8f078ce67"
            ],
            "index": "pypi",
            "markers": "python_version >= '3.9'",
            "version": "==3.1.5"
        }
    },
    "develop": {}
}
